<?xml version="1.0" encoding="utf-8"?>
<Project ToolsVersion="4.0" xmlns="http://schemas.microsoft.com/developer/msbuild/2003">
  <ItemGroup>
    <Filter Include="Файлы исходного кода">
      <UniqueIdentifier>{4FC737F1-C7A5-4376-A066-2A32D752A2FF}</UniqueIdentifier>
      <Extensions>cpp;c;cc;cxx;def;odl;idl;hpj;bat;asm;asmx</Extensions>
    </Filter>
    <Filter Include="lib">
      <UniqueIdentifier>{e5456cee-03c6-4874-9983-770fcc6ace09}</UniqueIdentifier>
    </Filter>
    <Filter Include="lib\memory">
      <UniqueIdentifier>{dd568bdf-5983-4cd8-bf91-ba35e7d3327f}</UniqueIdentifier>
    </Filter>
    <Filter Include="lib\display">
      <UniqueIdentifier>{a739e22c-12a2-444e-97a3-be32ff7f6307}</UniqueIdentifier>
    </Filter>
    <Filter Include="lib\interrupt">
      <UniqueIdentifier>{46c11f6e-0155-48ab-bac5-913578fcda0e}</UniqueIdentifier>
    </Filter>
    <Filter Include="lib\serialport">
      <UniqueIdentifier>{a26d8d07-d650-45a8-a472-dc7093b7c7d0}</UniqueIdentifier>
    </Filter>
    <Filter Include="lib\timer">
      <UniqueIdentifier>{cf45791b-652c-4ae3-a76b-1022148cc29d}</UniqueIdentifier>
    </Filter>
    <Filter Include="lib\hdd">
      <UniqueIdentifier>{13b1ad8c-6865-4f4a-89ad-a434c74d22cf}</UniqueIdentifier>
    </Filter>
    <Filter Include="lib\messages">
      <UniqueIdentifier>{b33142ca-c160-43b9-8f38-5e2786c3684b}</UniqueIdentifier>
    </Filter>
    <Filter Include="lib\touchpad">
      <UniqueIdentifier>{bdcb7e04-8d85-4085-8f75-69335881afd7}</UniqueIdentifier>
    </Filter>
    <Filter Include="lib\controls">
      <UniqueIdentifier>{b5f94472-f761-4789-b208-b39d0eb1bec6}</UniqueIdentifier>
    </Filter>
    <Filter Include="lib\log">
      <UniqueIdentifier>{2bfe30a9-8c86-4d5f-9d83-43d0dcb9dddf}</UniqueIdentifier>
    </Filter>
    <Filter Include="lib\clock">
      <UniqueIdentifier>{320fd64d-d537-45ff-a91c-39fdb823b6e9}</UniqueIdentifier>
    </Filter>
    <Filter Include="lib\config">
      <UniqueIdentifier>{079a2ff6-f6b9-4074-a962-3f1bcd42e2f0}</UniqueIdentifier>
    </Filter>
    <Filter Include="lib\math">
      <UniqueIdentifier>{b9431f0f-3467-4ed0-bee7-b57e7830a9bb}</UniqueIdentifier>
    </Filter>
    <Filter Include="lib\actions">
      <UniqueIdentifier>{0d057f2b-8710-4e46-b697-8772d3cfddc7}</UniqueIdentifier>
    </Filter>
    <Filter Include="lib\fire">
      <UniqueIdentifier>{6306ffe6-3482-4d46-8645-683aec8a93f4}</UniqueIdentifier>
    </Filter>
    <Filter Include="lib\logic">
      <UniqueIdentifier>{856bb157-7fdc-4fc0-85aa-dc806fec4432}</UniqueIdentifier>
    </Filter>
    <Filter Include="lib\debug">
      <UniqueIdentifier>{c5016a27-4468-4710-beb3-b52ed940f32d}</UniqueIdentifier>
    </Filter>
    <Filter Include="lib\extension">
      <UniqueIdentifier>{86f79002-66eb-430a-85d8-e38e56603430}</UniqueIdentifier>
    </Filter>
    <Filter Include="lib\extension\subsystems">
      <UniqueIdentifier>{b12c0226-84db-404f-9b42-4b5637b023b5}</UniqueIdentifier>
    </Filter>
    <Filter Include="lib\extension\subsystems\io">
      <UniqueIdentifier>{15cd846c-e00a-4632-8611-38989985fb1b}</UniqueIdentifier>
    </Filter>
    <Filter Include="lib\extension\subsystems\detection">
      <UniqueIdentifier>{58a47ff4-c95c-45b0-9c28-5d5fb86ff54b}</UniqueIdentifier>
    </Filter>
    <Filter Include="lib\extension\subsystems\monitoring">
      <UniqueIdentifier>{153d2942-a58e-42fd-9dfb-2c156fb9828a}</UniqueIdentifier>
    </Filter>
    <Filter Include="lib\extension\devices">
      <UniqueIdentifier>{7558bd2b-60db-41f5-89e1-1376e3f708c0}</UniqueIdentifier>
    </Filter>
    <Filter Include="lib\extension\subsystems\rpk">
      <UniqueIdentifier>{d52cdbe6-79b3-44bf-b444-7de6f6ca749a}</UniqueIdentifier>
    </Filter>
    <Filter Include="lib\array">
      <UniqueIdentifier>{f31cb0b9-e59b-473e-b1c7-5c939dd7778e}</UniqueIdentifier>
    </Filter>
    <Filter Include="lib\iterator">
      <UniqueIdentifier>{1b8b7531-20ad-4231-9e80-a15b1b675e84}</UniqueIdentifier>
    </Filter>
  </ItemGroup>
  <ItemGroup>
    <ClCompile Include="main.cpp">
      <Filter>Файлы исходного кода</Filter>
    </ClCompile>
    <ClCompile Include="..\lib\Application.cpp">
      <Filter>lib</Filter>
    </ClCompile>
    <ClCompile Include="..\lib\crc16.cpp">
      <Filter>lib</Filter>
    </ClCompile>
    <ClCompile Include="..\lib\crc32.cpp">
      <Filter>lib</Filter>
    </ClCompile>
    <ClCompile Include="..\lib\crt.cpp">
      <Filter>lib</Filter>
    </ClCompile>
    <ClCompile Include="..\lib\low.cpp">
      <Filter>lib</Filter>
    </ClCompile>
    <ClCompile Include="..\lib\string.cpp">
      <Filter>lib</Filter>
    </ClCompile>
    <ClCompile Include="..\lib\touchpad\touchpad.cpp">
      <Filter>lib\touchpad</Filter>
    </ClCompile>
    <ClCompile Include="..\lib\timer\Timer.cpp">
      <Filter>lib\timer</Filter>
    </ClCompile>
    <ClCompile Include="..\lib\serialport\serialport.cpp">
      <Filter>lib\serialport</Filter>
    </ClCompile>
    <ClCompile Include="..\lib\message\Messages.cpp">
      <Filter>lib\messages</Filter>
    </ClCompile>
    <ClCompile Include="..\lib\memory\memory.cpp">
      <Filter>lib\memory</Filter>
    </ClCompile>
    <ClCompile Include="..\lib\math\math.cpp">
      <Filter>lib\math</Filter>
    </ClCompile>
    <ClCompile Include="..\lib\logic\Logic.cpp">
      <Filter>lib\logic</Filter>
    </ClCompile>
    <ClCompile Include="..\lib\log\Log.cpp">
      <Filter>lib\log</Filter>
    </ClCompile>
    <ClCompile Include="..\lib\interrupt\interrupt.cpp">
      <Filter>lib\interrupt</Filter>
    </ClCompile>
    <ClCompile Include="..\lib\hdd\hdd.cpp">
      <Filter>lib\hdd</Filter>
    </ClCompile>
    <ClCompile Include="..\lib\hdd\hddManager.cpp">
      <Filter>lib\hdd</Filter>
    </ClCompile>
    <ClCompile Include="..\lib\extension\ExtensionSystem.cpp">
      <Filter>lib\extension</Filter>
    </ClCompile>
    <ClCompile Include="..\lib\extension\subsystems\rpk\rpkSubsystem.cpp">
      <Filter>lib\extension\subsystems\rpk</Filter>
    </ClCompile>
    <ClCompile Include="..\lib\extension\subsystems\monitoring\monitoringSubsystem.cpp">
      <Filter>lib\extension\subsystems\monitoring</Filter>
    </ClCompile>
    <ClCompile Include="..\lib\extension\subsystems\io\ioSubsystem.cpp">
      <Filter>lib\extension\subsystems\io</Filter>
    </ClCompile>
    <ClCompile Include="..\lib\extension\subsystems\detection\detectionSubsystem.cpp">
      <Filter>lib\extension\subsystems\detection</Filter>
    </ClCompile>
    <ClCompile Include="..\lib\extension\devices\bk16Device.cpp">
      <Filter>lib\extension\devices</Filter>
    </ClCompile>
    <ClCompile Include="..\lib\extension\devices\monitoringDevice.cpp">
      <Filter>lib\extension\devices</Filter>
    </ClCompile>
    <ClCompile Include="..\lib\extension\devices\rpkDevice.cpp">
      <Filter>lib\extension\devices</Filter>
    </ClCompile>
    <ClCompile Include="..\lib\display\display.cpp">
      <Filter>lib\display</Filter>
    </ClCompile>
    <ClCompile Include="..\lib\DEBUG\serialDebug.cpp">
      <Filter>lib\debug</Filter>
    </ClCompile>
    <ClCompile Include="..\lib\controls\Button.cpp">
      <Filter>lib\controls</Filter>
    </ClCompile>
    <ClCompile Include="..\lib\controls\ClockControl.cpp">
      <Filter>lib\controls</Filter>
    </ClCompile>
    <ClCompile Include="..\lib\controls\Control.cpp">
      <Filter>lib\controls</Filter>
    </ClCompile>
    <ClCompile Include="..\lib\controls\Desktop.cpp">
      <Filter>lib\controls</Filter>
    </ClCompile>
    <ClCompile Include="..\lib\controls\InfoPanel.cpp">
      <Filter>lib\controls</Filter>
    </ClCompile>
    <ClCompile Include="..\lib\controls\List.cpp">
      <Filter>lib\controls</Filter>
    </ClCompile>
    <ClCompile Include="..\lib\controls\LogControl.cpp">
      <Filter>lib\controls</Filter>
    </ClCompile>
    <ClCompile Include="..\lib\controls\MainConfirmation.cpp">
      <Filter>lib\controls</Filter>
    </ClCompile>
    <ClCompile Include="..\lib\controls\MainFinish.cpp">
      <Filter>lib\controls</Filter>
    </ClCompile>
    <ClCompile Include="..\lib\controls\MainInfo.cpp">
      <Filter>lib\controls</Filter>
    </ClCompile>
    <ClCompile Include="..\lib\controls\MainTabControl.cpp">
      <Filter>lib\controls</Filter>
    </ClCompile>
    <ClCompile Include="..\lib\controls\TabControl.cpp">
      <Filter>lib\controls</Filter>
    </ClCompile>
    <ClCompile Include="..\lib\controls\ToolsDate.cpp">
      <Filter>lib\controls</Filter>
    </ClCompile>
    <ClCompile Include="..\lib\controls\ToolsJustirovka.cpp">
      <Filter>lib\controls</Filter>
    </ClCompile>
    <ClCompile Include="..\lib\controls\ToolsLog.cpp">
      <Filter>lib\controls</Filter>
    </ClCompile>
    <ClCompile Include="..\lib\controls\ToolsOff.cpp">
      <Filter>lib\controls</Filter>
    </ClCompile>
    <ClCompile Include="..\lib\controls\ToolsTabControl.cpp">
      <Filter>lib\controls</Filter>
    </ClCompile>
    <ClCompile Include="..\lib\controls\ToolsUpdate.cpp">
      <Filter>lib\controls</Filter>
    </ClCompile>
    <ClCompile Include="..\lib\controls\ToolsUpdateFR.cpp">
      <Filter>lib\controls</Filter>
    </ClCompile>
    <ClCompile Include="..\lib\controls\ToolsUpdatePC.cpp">
      <Filter>lib\controls</Filter>
    </ClCompile>
    <ClCompile Include="..\lib\controls\UsoModeControl.cpp">
      <Filter>lib\controls</Filter>
    </ClCompile>
    <ClCompile Include="..\lib\config\Config.cpp">
      <Filter>lib\config</Filter>
    </ClCompile>
    <ClCompile Include="..\lib\config\ConfigData.cpp">
      <Filter>lib\config</Filter>
    </ClCompile>
    <ClCompile Include="..\lib\clock\clock.cpp">
      <Filter>lib\clock</Filter>
    </ClCompile>
    <ClCompile Include="..\lib\action\actionGateClose.cpp">
      <Filter>lib\actions</Filter>
    </ClCompile>
    <ClCompile Include="..\lib\action\actionGateOpen.cpp">
      <Filter>lib\actions</Filter>
    </ClCompile>
    <ClCompile Include="..\lib\action\actionMoveToPoint.cpp">
      <Filter>lib\actions</Filter>
    </ClCompile>
    <ClCompile Include="..\lib\action\actionSearch.cpp">
      <Filter>lib\actions</Filter>
    </ClCompile>
    <ClCompile Include="..\lib\action\actionSendPressureTable.cpp">
      <Filter>lib\actions</Filter>
    </ClCompile>
    <ClCompile Include="..\lib\action\actionStartProgramScanLine.cpp">
      <Filter>lib\actions</Filter>
    </ClCompile>
    <ClCompile Include="..\lib\action\actionStartProgramScanPoint.cpp">
      <Filter>lib\actions</Filter>
    </ClCompile>
    <ClCompile Include="..\lib\action\actionStopProgramScan.cpp">
      <Filter>lib\actions</Filter>
    </ClCompile>
    <ClCompile Include="..\lib\math\sectorIntersection.cpp">
      <Filter>lib\math</Filter>
    </ClCompile>
    <ClCompile Include="..\lib\action\action.cpp">
      <Filter>lib\actions</Filter>
    </ClCompile>
    <ClCompile Include="..\lib\action\actionDummy.cpp">
      <Filter>lib\actions</Filter>
    </ClCompile>
    <ClCompile Include="..\lib\action\actionGetNetworkControllerInfo.cpp">
      <Filter>lib\actions</Filter>
    </ClCompile>
    <ClCompile Include="..\lib\DEBUG\serialDebugn.cpp">
      <Filter>lib\debug</Filter>
    </ClCompile>
    <ClCompile Include="..\lib\fire\Fire.cpp">
      <Filter>lib\fire</Filter>
    </ClCompile>
    <ClCompile Include="..\lib\extension\devices\scannerDevice.cpp">
      <Filter>lib\extension\devices</Filter>
    </ClCompile>
    <ClCompile Include="..\lib\action\actionPovorotniy.cpp">
      <Filter>lib\actions</Filter>
    </ClCompile>
    <ClCompile Include="..\lib\logic\povorotniy.cpp">
      <Filter>lib\logic</Filter>
    </ClCompile>
  </ItemGroup>
  <ItemGroup>
    <ClInclude Include="..\lib\Application.h">
      <Filter>lib</Filter>
    </ClInclude>
    <ClInclude Include="..\lib\crc16.h">
      <Filter>lib</Filter>
    </ClInclude>
    <ClInclude Include="..\lib\crc32.h">
      <Filter>lib</Filter>
    </ClInclude>
    <ClInclude Include="..\lib\crt.h">
      <Filter>lib</Filter>
    </ClInclude>
    <ClInclude Include="..\lib\fifo.h">
      <Filter>lib</Filter>
    </ClInclude>
    <ClInclude Include="..\lib\id.h">
      <Filter>lib</Filter>
    </ClInclude>
    <ClInclude Include="..\lib\Local.h">
      <Filter>lib</Filter>
    </ClInclude>
    <ClInclude Include="..\lib\low.h">
      <Filter>lib</Filter>
    </ClInclude>
    <ClInclude Include="..\lib\PoolResizableArea.h">
      <Filter>lib</Filter>
    </ClInclude>
    <ClInclude Include="..\lib\Root.h">
      <Filter>lib</Filter>
    </ClInclude>
    <ClInclude Include="..\lib\Singleton.h">
      <Filter>lib</Filter>
    </ClInclude>
    <ClInclude Include="..\lib\string.h">
      <Filter>lib</Filter>
    </ClInclude>
    <ClInclude Include="..\lib\touchpad\touchpad.h">
      <Filter>lib\touchpad</Filter>
    </ClInclude>
    <ClInclude Include="..\lib\timer\Timer.h">
      <Filter>lib\timer</Filter>
    </ClInclude>
    <ClInclude Include="..\lib\serialport\serialport.h">
      <Filter>lib\serialport</Filter>
    </ClInclude>
    <ClInclude Include="..\lib\message\Messages.h">
      <Filter>lib\messages</Filter>
    </ClInclude>
    <ClInclude Include="..\lib\memory\memory.h">
      <Filter>lib\memory</Filter>
    </ClInclude>
    <ClInclude Include="..\lib\math\math.h">
      <Filter>lib\math</Filter>
    </ClInclude>
    <ClInclude Include="..\lib\logic\Logic.h">
      <Filter>lib\logic</Filter>
    </ClInclude>
    <ClInclude Include="..\lib\log\Log.h">
      <Filter>lib\log</Filter>
    </ClInclude>
    <ClInclude Include="..\lib\interrupt\interrupt.h">
      <Filter>lib\interrupt</Filter>
    </ClInclude>
    <ClInclude Include="..\lib\hdd\hdd.h">
      <Filter>lib\hdd</Filter>
    </ClInclude>
    <ClInclude Include="..\lib\hdd\hddManager.h">
      <Filter>lib\hdd</Filter>
    </ClInclude>
    <ClInclude Include="..\lib\extension\ExtensionSystem.h">
      <Filter>lib\extension</Filter>
    </ClInclude>
    <ClInclude Include="..\lib\extension\subsystems\ISubsystem.h">
      <Filter>lib\extension\subsystems</Filter>
    </ClInclude>
    <ClInclude Include="..\lib\extension\subsystems\rpk\iRpkDevice.h">
      <Filter>lib\extension\subsystems\rpk</Filter>
    </ClInclude>
    <ClInclude Include="..\lib\extension\subsystems\rpk\rpkSubsystem.h">
      <Filter>lib\extension\subsystems\rpk</Filter>
    </ClInclude>
    <ClInclude Include="..\lib\extension\subsystems\monitoring\iMonitoringDevice.h">
      <Filter>lib\extension\subsystems\monitoring</Filter>
    </ClInclude>
    <ClInclude Include="..\lib\extension\subsystems\monitoring\monitoringSubsystem.h">
      <Filter>lib\extension\subsystems\monitoring</Filter>
    </ClInclude>
    <ClInclude Include="..\lib\extension\subsystems\io\iIoDevice.h">
      <Filter>lib\extension\subsystems\io</Filter>
    </ClInclude>
    <ClInclude Include="..\lib\extension\subsystems\io\ioSubsystem.h">
      <Filter>lib\extension\subsystems\io</Filter>
    </ClInclude>
    <ClInclude Include="..\lib\extension\subsystems\detection\detectionSubsystem.h">
      <Filter>lib\extension\subsystems\detection</Filter>
    </ClInclude>
    <ClInclude Include="..\lib\extension\subsystems\detection\iDetectionDevice.h">
      <Filter>lib\extension\subsystems\detection</Filter>
    </ClInclude>
    <ClInclude Include="..\lib\extension\devices\bk16Device.h">
      <Filter>lib\extension\devices</Filter>
    </ClInclude>
    <ClInclude Include="..\lib\extension\devices\IDevice.h">
      <Filter>lib\extension\devices</Filter>
    </ClInclude>
    <ClInclude Include="..\lib\extension\devices\monitoringDevice.h">
      <Filter>lib\extension\devices</Filter>
    </ClInclude>
    <ClInclude Include="..\lib\extension\devices\rpkDevice.h">
      <Filter>lib\extension\devices</Filter>
    </ClInclude>
    <ClInclude Include="..\lib\display\display.h">
      <Filter>lib\display</Filter>
    </ClInclude>
    <ClInclude Include="..\lib\display\fonts.h">
      <Filter>lib\display</Filter>
    </ClInclude>
    <ClInclude Include="..\lib\DEBUG\serialDebug.h">
      <Filter>lib\debug</Filter>
    </ClInclude>
    <ClInclude Include="..\lib\controls\Button.h">
      <Filter>lib\controls</Filter>
    </ClInclude>
    <ClInclude Include="..\lib\controls\ClockControl.h">
      <Filter>lib\controls</Filter>
    </ClInclude>
    <ClInclude Include="..\lib\controls\Control.h">
      <Filter>lib\controls</Filter>
    </ClInclude>
    <ClInclude Include="..\lib\controls\Desktop.h">
      <Filter>lib\controls</Filter>
    </ClInclude>
    <ClInclude Include="..\lib\controls\InfoPanel.h">
      <Filter>lib\controls</Filter>
    </ClInclude>
    <ClInclude Include="..\lib\controls\Label.h">
      <Filter>lib\controls</Filter>
    </ClInclude>
    <ClInclude Include="..\lib\controls\List.h">
      <Filter>lib\controls</Filter>
    </ClInclude>
    <ClInclude Include="..\lib\controls\LogControl.h">
      <Filter>lib\controls</Filter>
    </ClInclude>
    <ClInclude Include="..\lib\controls\MainConfirmation.h">
      <Filter>lib\controls</Filter>
    </ClInclude>
    <ClInclude Include="..\lib\controls\MainFinish.h">
      <Filter>lib\controls</Filter>
    </ClInclude>
    <ClInclude Include="..\lib\controls\MainInfo.h">
      <Filter>lib\controls</Filter>
    </ClInclude>
    <ClInclude Include="..\lib\controls\MainTabControl.h">
      <Filter>lib\controls</Filter>
    </ClInclude>
    <ClInclude Include="..\lib\controls\Panel.h">
      <Filter>lib\controls</Filter>
    </ClInclude>
    <ClInclude Include="..\lib\controls\TabControl.h">
      <Filter>lib\controls</Filter>
    </ClInclude>
    <ClInclude Include="..\lib\controls\ToolsDate.h">
      <Filter>lib\controls</Filter>
    </ClInclude>
    <ClInclude Include="..\lib\controls\ToolsJustirovka.h">
      <Filter>lib\controls</Filter>
    </ClInclude>
    <ClInclude Include="..\lib\controls\ToolsLog.h">
      <Filter>lib\controls</Filter>
    </ClInclude>
    <ClInclude Include="..\lib\controls\ToolsOff.h">
      <Filter>lib\controls</Filter>
    </ClInclude>
    <ClInclude Include="..\lib\controls\ToolsTabControl.h">
      <Filter>lib\controls</Filter>
    </ClInclude>
    <ClInclude Include="..\lib\controls\ToolsUpdate.h">
      <Filter>lib\controls</Filter>
    </ClInclude>
    <ClInclude Include="..\lib\controls\ToolsUpdateFR.h">
      <Filter>lib\controls</Filter>
    </ClInclude>
    <ClInclude Include="..\lib\controls\ToolsUpdatePC.h">
      <Filter>lib\controls</Filter>
    </ClInclude>
    <ClInclude Include="..\lib\controls\UI.h">
      <Filter>lib\controls</Filter>
    </ClInclude>
    <ClInclude Include="..\lib\controls\UsoModeControl.h">
      <Filter>lib\controls</Filter>
    </ClInclude>
    <ClInclude Include="..\lib\controls\Window.h">
      <Filter>lib\controls</Filter>
    </ClInclude>
    <ClInclude Include="..\lib\config\Config.h">
      <Filter>lib\config</Filter>
    </ClInclude>
    <ClInclude Include="..\lib\config\ConfigData.h">
      <Filter>lib\config</Filter>
    </ClInclude>
    <ClInclude Include="..\lib\config\ConfigDataStruct.h">
      <Filter>lib\config</Filter>
    </ClInclude>
    <ClInclude Include="..\lib\clock\clock.h">
      <Filter>lib\clock</Filter>
    </ClInclude>
    <ClInclude Include="..\lib\action\action.h">
      <Filter>lib\actions</Filter>
    </ClInclude>
    <ClInclude Include="..\lib\action\actionGateClose.h">
      <Filter>lib\actions</Filter>
    </ClInclude>
    <ClInclude Include="..\lib\action\actionGateOpen.h">
      <Filter>lib\actions</Filter>
    </ClInclude>
    <ClInclude Include="..\lib\action\actionMoveToPoint.h">
      <Filter>lib\actions</Filter>
    </ClInclude>
    <ClInclude Include="..\lib\action\actionSearch.h">
      <Filter>lib\actions</Filter>
    </ClInclude>
    <ClInclude Include="..\lib\action\actionSendPressureTable.h">
      <Filter>lib\actions</Filter>
    </ClInclude>
    <ClInclude Include="..\lib\action\actionStartProgramScanLine.h">
      <Filter>lib\actions</Filter>
    </ClInclude>
    <ClInclude Include="..\lib\action\actionStartProgramScanPoint.h">
      <Filter>lib\actions</Filter>
    </ClInclude>
    <ClInclude Include="..\lib\action\actionStopProgramScan.h">
      <Filter>lib\actions</Filter>
    </ClInclude>
    <ClInclude Include="..\lib\action\RpkCommands.h">
      <Filter>lib\actions</Filter>
    </ClInclude>
    <ClInclude Include="..\lib\version.h">
      <Filter>lib</Filter>
    </ClInclude>
    <ClInclude Include="..\lib\array\dynamicArray.h">
      <Filter>lib\array</Filter>
    </ClInclude>
    <ClInclude Include="..\lib\iterator\iterator.h">
      <Filter>lib\iterator</Filter>
    </ClInclude>
    <ClInclude Include="..\lib\math\sectorIntersection.h">
      <Filter>lib\math</Filter>
    </ClInclude>
    <ClInclude Include="..\lib\testing.h">
      <Filter>lib</Filter>
    </ClInclude>
    <ClInclude Include="..\lib\action\actionDummy.h">
      <Filter>lib\actions</Filter>
    </ClInclude>
    <ClInclude Include="..\lib\config\trajectory.h">
      <Filter>lib\config</Filter>
    </ClInclude>
    <ClInclude Include="..\lib\action\actionGetNetworkControllerInfo.h">
      <Filter>lib\actions</Filter>
    </ClInclude>
    <ClInclude Include="..\lib\DEBUG\serialDebugn.h">
      <Filter>lib\debug</Filter>
    </ClInclude>
    <ClInclude Include="..\lib\fire\Fire.h">
      <Filter>lib\fire</Filter>
    </ClInclude>
    <ClInclude Include="..\lib\extension\devices\scannerDevice.h">
      <Filter>lib\extension\devices</Filter>
    </ClInclude>
    <ClInclude Include="..\lib\action\actionPovorotniy.h">
      <Filter>lib\actions</Filter>
    </ClInclude>
    <ClInclude Include="..\lib\logic\povorotniy.h">
      <Filter>lib\logic</Filter>
    </ClInclude>
  </ItemGroup>
</Project>